
Microsoft Visual Studio Solution File, Format Version 12.00
# Visual Studio Version 16
VisualStudioVersion = 16.0.29411.108
MinimumVisualStudioVersion = 10.0.40219.1
Project("{9A19103F-16F7-4668-BE54-9A1E7A4F7556}") = "DotNetCoreElasticClientSample.Cli", "DotNetCoreElasticClientSample.Cli\DotNetCoreElasticClientSample.Cli.csproj", "{9375F627-B0E2-40D4-8E58-80D99999DAAA}"
EndProject
Project("{9A19103F-16F7-4668-BE54-9A1E7A4F7556}") = "DotNetCoreElasticClientSample.Lib", "DotNetCoreElasticClientSample.Lib\DotNetCoreElasticClientSample.Lib.csproj", "{B9CC0420-7954-4529-8036-55E634EEAF58}"
EndProject
Project("{FAE04EC0-301F-11D3-BF4B-00C04F79EFBC}") = "DotNetCoreElasticClientSample.BlazorApp", "DotNetCoreElasticClientSample.BlazorApp\DotNetCoreElasticClientSample.BlazorApp.csproj", "{DEF15F2B-F644-4F73-8FFB-969708C584E4}"
EndProject
Global
	GlobalSection(SolutionConfigurationPlatforms) = preSolution
		Debug|Any CPU = Debug|Any CPU
		Release|Any CPU = Release|Any CPU
	EndGlobalSection
	GlobalSection(ProjectConfigurationPlatforms) = postSolution
		{9375F627-B0E2-40D4-8E58-80D99999DAAA}.Debug|Any CPU.ActiveCfg = Debug|Any CPU
		{9375F627-B0E2-40D4-8E58-80D99999DAAA}.Debug|Any CPU.Build.0 = Debug|Any CPU
		{9375F627-B0E2-40D4-8E58-80D99999DAAA}.Release|Any CPU.ActiveCfg = Release|Any CPU
		{9375F627-B0E2-40D4-8E58-80D99999DAAA}.Release|Any CPU.Build.0 = Release|Any CPU
		{B9CC0420-7954-4529-8036-55E634EEAF58}.Debug|Any CPU.ActiveCfg = Debug|Any CPU
		{B9CC0420-7954-4529-8036-55E634EEAF58}.Debug|Any CPU.Build.0 = Debug|Any CPU
		{B9CC0420-7954-4529-8036-55E634EEAF58}.Release|Any CPU.ActiveCfg = Release|Any CPU
		{B9CC0420-7954-4529-8036-55E634EEAF58}.Release|Any CPU.Build.0 = Release|Any CPU
		{DEF15F2B-F644-4F73-8FFB-969708C584E4}.Debug|Any CPU.ActiveCfg = Debug|Any CPU
		{DEF15F2B-F644-4F73-8FFB-969708C584E4}.Debug|Any CPU.Build.0 = Debug|Any CPU
		{DEF15F2B-F644-4F73-8FFB-969708C584E4}.Release|Any CPU.ActiveCfg = Release|Any CPU
		{DEF15F2B-F644-4F73-8FFB-969708C584E4}.Release|Any CPU.Build.0 = Release|Any CPU
	EndGlobalSection
	GlobalSection(SolutionProperties) = preSolution
		HideSolutionNode = FALSE
	EndGlobalSection
	GlobalSection(ExtensibilityGlobals) = postSolution
		SolutionGuid = {CC001AFB-4F8E-4D8C-8399-BEF42FCBF641}
	EndGlobalSection
EndGlobal
